// !$*UTF8*$!
{
	archiveVersion = 1;
	classes = {
	};
	objectVersion = 55;
	objects = {

/* Begin PBXBuildFile section */
		78208AE0286358AD00F64FA0 /* InactivityExampleApp.swift in Sources */ = {isa = PBXBuildFile; fileRef = 78208ADF286358AD00F64FA0 /* InactivityExampleApp.swift */; };
		78208AE2286358AD00F64FA0 /* ContentView.swift in Sources */ = {isa = PBXBuildFile; fileRef = 78208AE1286358AD00F64FA0 /* ContentView.swift */; };
		78208AE4286358AE00F64FA0 /* Assets.xcassets in Resources */ = {isa = PBXBuildFile; fileRef = 78208AE3286358AE00F64FA0 /* Assets.xcassets */; };
		78208AE7286358AE00F64FA0 /* Preview Assets.xcassets in Resources */ = {isa = PBXBuildFile; fileRef = 78208AE6286358AE00F64FA0 /* Preview Assets.xcassets */; };
		78208AF628635A8F00F64FA0 /* ActiveView.swift in Sources */ = {isa = PBXBuildFile; fileRef = 78208AF428635A8F00F64FA0 /* ActiveView.swift */; };
		78208AF728635A8F00F64FA0 /* InactiveView.swift in Sources */ = {isa = PBXBuildFile; fileRef = 78208AF528635A8F00F64FA0 /* InactiveView.swift */; };
		78A5BACE2AD8837300309E36 /* Inactivity in Frameworks */ = {isa = PBXBuildFile; productRef = 78A5BACD2AD8837300309E36 /* Inactivity */; };
		78A5BACF2AD8838200309E36 /* InactivityExample.app in Resources */ = {isa = PBXBuildFile; fileRef = 78208ADC286358AD00F64FA0 /* InactivityExample.app */; };
		78A5BAD42AD883F700309E36 /* Inactivity in Frameworks */ = {isa = PBXBuildFile; productRef = 78A5BAD32AD883F700309E36 /* Inactivity */; };
		78A5BAD72AD885C300309E36 /* Inactivity in Frameworks */ = {isa = PBXBuildFile; productRef = 78A5BAD62AD885C300309E36 /* Inactivity */; };
		78A5BAD92AD885F700309E36 /* Inactivity in Frameworks */ = {isa = PBXBuildFile; productRef = 78A5BAD82AD885F700309E36 /* Inactivity */; };
		78CD971E2882322600320F47 /* MockServerExampleApp.swift in Sources */ = {isa = PBXBuildFile; fileRef = 78CD971D2882322600320F47 /* MockServerExampleApp.swift */; };
		78CD97202882322600320F47 /* ContentView.swift in Sources */ = {isa = PBXBuildFile; fileRef = 78CD971F2882322600320F47 /* ContentView.swift */; };
		78CD97222882322700320F47 /* Assets.xcassets in Resources */ = {isa = PBXBuildFile; fileRef = 78CD97212882322700320F47 /* Assets.xcassets */; };
		78CD97252882322700320F47 /* Preview Assets.xcassets in Resources */ = {isa = PBXBuildFile; fileRef = 78CD97242882322700320F47 /* Preview Assets.xcassets */; };
		78CD97292882323000320F47 /* LoginView.swift in Sources */ = {isa = PBXBuildFile; fileRef = 78CD970F28822C5000320F47 /* LoginView.swift */; };
		78CD972A2882323000320F47 /* LoggedView.swift in Sources */ = {isa = PBXBuildFile; fileRef = 78CD971328822DB800320F47 /* LoggedView.swift */; };
		78CD972C2882323000320F47 /* AuthService.swift in Sources */ = {isa = PBXBuildFile; fileRef = 78CD971528822E7500320F47 /* AuthService.swift */; };
/* End PBXBuildFile section */

/* Begin PBXContainerItemProxy section */
		78A5BAD02AD8838200309E36 /* PBXContainerItemProxy */ = {
			isa = PBXContainerItemProxy;
			containerPortal = 78208AD4286358AD00F64FA0 /* Project object */;
			proxyType = 1;
			remoteGlobalIDString = 78208ADB286358AD00F64FA0;
			remoteInfo = InactivityExample;
		};
/* End PBXContainerItemProxy section */

/* Begin PBXFileReference section */
		78208ADC286358AD00F64FA0 /* InactivityExample.app */ = {isa = PBXFileReference; explicitFileType = wrapper.application; includeInIndex = 0; path = InactivityExample.app; sourceTree = BUILT_PRODUCTS_DIR; };
		78208ADF286358AD00F64FA0 /* InactivityExampleApp.swift */ = {isa = PBXFileReference; lastKnownFileType = sourcecode.swift; path = InactivityExampleApp.swift; sourceTree = "<group>"; };
		78208AE1286358AD00F64FA0 /* ContentView.swift */ = {isa = PBXFileReference; lastKnownFileType = sourcecode.swift; path = ContentView.swift; sourceTree = "<group>"; };
		78208AE3286358AE00F64FA0 /* Assets.xcassets */ = {isa = PBXFileReference; lastKnownFileType = folder.assetcatalog; path = Assets.xcassets; sourceTree = "<group>"; };
		78208AE6286358AE00F64FA0 /* Preview Assets.xcassets */ = {isa = PBXFileReference; lastKnownFileType = folder.assetcatalog; path = "Preview Assets.xcassets"; sourceTree = "<group>"; };
		78208AF428635A8F00F64FA0 /* ActiveView.swift */ = {isa = PBXFileReference; fileEncoding = 4; lastKnownFileType = sourcecode.swift; path = ActiveView.swift; sourceTree = "<group>"; };
		78208AF528635A8F00F64FA0 /* InactiveView.swift */ = {isa = PBXFileReference; fileEncoding = 4; lastKnownFileType = sourcecode.swift; path = InactiveView.swift; sourceTree = "<group>"; };
		78CD970F28822C5000320F47 /* LoginView.swift */ = {isa = PBXFileReference; lastKnownFileType = sourcecode.swift; path = LoginView.swift; sourceTree = "<group>"; };
		78CD971328822DB800320F47 /* LoggedView.swift */ = {isa = PBXFileReference; lastKnownFileType = sourcecode.swift; path = LoggedView.swift; sourceTree = "<group>"; };
		78CD971528822E7500320F47 /* AuthService.swift */ = {isa = PBXFileReference; lastKnownFileType = sourcecode.swift; path = AuthService.swift; sourceTree = "<group>"; };
		78CD971B2882322600320F47 /* MockServerExample.app */ = {isa = PBXFileReference; explicitFileType = wrapper.application; includeInIndex = 0; path = MockServerExample.app; sourceTree = BUILT_PRODUCTS_DIR; };
		78CD971D2882322600320F47 /* MockServerExampleApp.swift */ = {isa = PBXFileReference; lastKnownFileType = sourcecode.swift; path = MockServerExampleApp.swift; sourceTree = "<group>"; };
		78CD971F2882322600320F47 /* ContentView.swift */ = {isa = PBXFileReference; lastKnownFileType = sourcecode.swift; path = ContentView.swift; sourceTree = "<group>"; };
		78CD97212882322700320F47 /* Assets.xcassets */ = {isa = PBXFileReference; lastKnownFileType = folder.assetcatalog; path = Assets.xcassets; sourceTree = "<group>"; };
		78CD97242882322700320F47 /* Preview Assets.xcassets */ = {isa = PBXFileReference; lastKnownFileType = folder.assetcatalog; path = "Preview Assets.xcassets"; sourceTree = "<group>"; };
		78CD972D288232BD00320F47 /* Info.plist */ = {isa = PBXFileReference; lastKnownFileType = text.plist; path = Info.plist; sourceTree = "<group>"; };
/* End PBXFileReference section */

/* Begin PBXFrameworksBuildPhase section */
		78208AD9286358AD00F64FA0 /* Frameworks */ = {
			isa = PBXFrameworksBuildPhase;
			buildActionMask = 2147483647;
			files = (
				78A5BAD42AD883F700309E36 /* Inactivity in Frameworks */,
				78A5BACE2AD8837300309E36 /* Inactivity in Frameworks */,
				78A5BAD72AD885C300309E36 /* Inactivity in Frameworks */,
			);
			runOnlyForDeploymentPostprocessing = 0;
		};
		78CD97182882322600320F47 /* Frameworks */ = {
			isa = PBXFrameworksBuildPhase;
			buildActionMask = 2147483647;
			files = (
				78A5BAD92AD885F700309E36 /* Inactivity in Frameworks */,
			);
			runOnlyForDeploymentPostprocessing = 0;
		};
/* End PBXFrameworksBuildPhase section */

/* Begin PBXGroup section */
		78208AD3286358AD00F64FA0 = {
			isa = PBXGroup;
			children = (
				78208ADE286358AD00F64FA0 /* InactivityExample */,
				78CD971C2882322600320F47 /* MockServerExample */,
				78208ADD286358AD00F64FA0 /* Products */,
				78CD972E288232C300320F47 /* Frameworks */,
			);
			sourceTree = "<group>";
		};
		78208ADD286358AD00F64FA0 /* Products */ = {
			isa = PBXGroup;
			children = (
				78208ADC286358AD00F64FA0 /* InactivityExample.app */,
				78CD971B2882322600320F47 /* MockServerExample.app */,
			);
			name = Products;
			sourceTree = "<group>";
		};
		78208ADE286358AD00F64FA0 /* InactivityExample */ = {
			isa = PBXGroup;
			children = (
				78208ADF286358AD00F64FA0 /* InactivityExampleApp.swift */,
				78208AF428635A8F00F64FA0 /* ActiveView.swift */,
				78208AF528635A8F00F64FA0 /* InactiveView.swift */,
				78208AE1286358AD00F64FA0 /* ContentView.swift */,
				78208AE3286358AE00F64FA0 /* Assets.xcassets */,
				78208AE5286358AE00F64FA0 /* Preview Content */,
			);
			path = InactivityExample;
			sourceTree = "<group>";
		};
		78208AE5286358AE00F64FA0 /* Preview Content */ = {
			isa = PBXGroup;
			children = (
				78208AE6286358AE00F64FA0 /* Preview Assets.xcassets */,
			);
			path = "Preview Content";
			sourceTree = "<group>";
		};
		78CD971C2882322600320F47 /* MockServerExample */ = {
			isa = PBXGroup;
			children = (
				78CD972D288232BD00320F47 /* Info.plist */,
				78CD971528822E7500320F47 /* AuthService.swift */,
				78CD970F28822C5000320F47 /* LoginView.swift */,
				78CD971328822DB800320F47 /* LoggedView.swift */,
				78CD971D2882322600320F47 /* MockServerExampleApp.swift */,
				78CD971F2882322600320F47 /* ContentView.swift */,
				78CD97212882322700320F47 /* Assets.xcassets */,
				78CD97232882322700320F47 /* Preview Content */,
			);
			path = MockServerExample;
			sourceTree = "<group>";
		};
		78CD97232882322700320F47 /* Preview Content */ = {
			isa = PBXGroup;
			children = (
				78CD97242882322700320F47 /* Preview Assets.xcassets */,
			);
			path = "Preview Content";
			sourceTree = "<group>";
		};
		78CD972E288232C300320F47 /* Frameworks */ = {
			isa = PBXGroup;
			children = (
			);
			name = Frameworks;
			sourceTree = "<group>";
		};
/* End PBXGroup section */

/* Begin PBXNativeTarget section */
		78208ADB286358AD00F64FA0 /* InactivityExample */ = {
			isa = PBXNativeTarget;
			buildConfigurationList = 78208AEA286358AE00F64FA0 /* Build configuration list for PBXNativeTarget "InactivityExample" */;
			buildPhases = (
				78208AD8286358AD00F64FA0 /* Sources */,
				78208AD9286358AD00F64FA0 /* Frameworks */,
				78208ADA286358AD00F64FA0 /* Resources */,
			);
			buildRules = (
			);
			dependencies = (
			);
			name = InactivityExample;
			packageProductDependencies = (
				78A5BACD2AD8837300309E36 /* Inactivity */,
				78A5BAD32AD883F700309E36 /* Inactivity */,
				78A5BAD62AD885C300309E36 /* Inactivity */,
			);
			productName = InactivtiyExample;
			productReference = 78208ADC286358AD00F64FA0 /* InactivityExample.app */;
			productType = "com.apple.product-type.application";
		};
		78CD971A2882322600320F47 /* MockServerExample */ = {
			isa = PBXNativeTarget;
			buildConfigurationList = 78CD97262882322700320F47 /* Build configuration list for PBXNativeTarget "MockServerExample" */;
			buildPhases = (
				78CD97172882322600320F47 /* Sources */,
				78CD97182882322600320F47 /* Frameworks */,
				78CD97192882322600320F47 /* Resources */,
			);
			buildRules = (
			);
			dependencies = (
				78A5BAD12AD8838200309E36 /* PBXTargetDependency */,
			);
			name = MockServerExample;
			packageProductDependencies = (
				78A5BAD82AD885F700309E36 /* Inactivity */,
			);
			productName = MockServerExample;
			productReference = 78CD971B2882322600320F47 /* MockServerExample.app */;
			productType = "com.apple.product-type.application";
		};
/* End PBXNativeTarget section */

/* Begin PBXProject section */
		78208AD4286358AD00F64FA0 /* Project object */ = {
			isa = PBXProject;
			attributes = {
				BuildIndependentTargetsInParallel = 1;
				LastSwiftUpdateCheck = 1340;
				LastUpgradeCheck = 1500;
				TargetAttributes = {
					78208ADB286358AD00F64FA0 = {
						CreatedOnToolsVersion = 13.4.1;
					};
					78CD971A2882322600320F47 = {
						CreatedOnToolsVersion = 13.4.1;
					};
				};
			};
			buildConfigurationList = 78208AD7286358AD00F64FA0 /* Build configuration list for PBXProject "InactivityExample" */;
			compatibilityVersion = "Xcode 13.0";
			developmentRegion = en;
			hasScannedForEncodings = 0;
			knownRegions = (
				en,
				Base,
			);
			mainGroup = 78208AD3286358AD00F64FA0;
			packageReferences = (
				78A5BAD52AD885C300309E36 /* XCRemoteSwiftPackageReference "Inactivity" */,
			);
			productRefGroup = 78208ADD286358AD00F64FA0 /* Products */;
			projectDirPath = "";
			projectRoot = "";
			targets = (
				78208ADB286358AD00F64FA0 /* InactivityExample */,
				78CD971A2882322600320F47 /* MockServerExample */,
			);
		};
/* End PBXProject section */

/* Begin PBXResourcesBuildPhase section */
		78208ADA286358AD00F64FA0 /* Resources */ = {
			isa = PBXResourcesBuildPhase;
			buildActionMask = 2147483647;
			files = (
				78208AE7286358AE00F64FA0 /* Preview Assets.xcassets in Resources */,
				78208AE4286358AE00F64FA0 /* Assets.xcassets in Resources */,
			);
			runOnlyForDeploymentPostprocessing = 0;
		};
		78CD97192882322600320F47 /* Resources */ = {
			isa = PBXResourcesBuildPhase;
			buildActionMask = 2147483647;
			files = (
				78CD97252882322700320F47 /* Preview Assets.xcassets in Resources */,
				78A5BACF2AD8838200309E36 /* InactivityExample.app in Resources */,
				78CD97222882322700320F47 /* Assets.xcassets in Resources */,
			);
			runOnlyForDeploymentPostprocessing = 0;
		};
/* End PBXResourcesBuildPhase section */

/* Begin PBXSourcesBuildPhase section */
		78208AD8286358AD00F64FA0 /* Sources */ = {
			isa = PBXSourcesBuildPhase;
			buildActionMask = 2147483647;
			files = (
				78208AF628635A8F00F64FA0 /* ActiveView.swift in Sources */,
				78208AE2286358AD00F64FA0 /* ContentView.swift in Sources */,
				78208AE0286358AD00F64FA0 /* InactivityExampleApp.swift in Sources */,
				78208AF728635A8F00F64FA0 /* InactiveView.swift in Sources */,
			);
			runOnlyForDeploymentPostprocessing = 0;
		};
		78CD97172882322600320F47 /* Sources */ = {
			isa = PBXSourcesBuildPhase;
			buildActionMask = 2147483647;
			files = (
				78CD972A2882323000320F47 /* LoggedView.swift in Sources */,
				78CD97292882323000320F47 /* LoginView.swift in Sources */,
				78CD972C2882323000320F47 /* AuthService.swift in Sources */,
				78CD97202882322600320F47 /* ContentView.swift in Sources */,
				78CD971E2882322600320F47 /* MockServerExampleApp.swift in Sources */,
			);
			runOnlyForDeploymentPostprocessing = 0;
		};
/* End PBXSourcesBuildPhase section */

/* Begin PBXTargetDependency section */
		78A5BAD12AD8838200309E36 /* PBXTargetDependency */ = {
			isa = PBXTargetDependency;
			target = 78208ADB286358AD00F64FA0 /* InactivityExample */;
			targetProxy = 78A5BAD02AD8838200309E36 /* PBXContainerItemProxy */;
		};
/* End PBXTargetDependency section */

/* Begin XCBuildConfiguration section */
		78208AE8286358AE00F64FA0 /* Debug */ = {
			isa = XCBuildConfiguration;
			buildSettings = {
				ALWAYS_SEARCH_USER_PATHS = NO;
				ASSETCATALOG_COMPILER_GENERATE_SWIFT_ASSET_SYMBOL_EXTENSIONS = YES;
				CLANG_ANALYZER_NONNULL = YES;
				CLANG_ANALYZER_NUMBER_OBJECT_CONVERSION = YES_AGGRESSIVE;
				CLANG_CXX_LANGUAGE_STANDARD = "gnu++17";
				CLANG_ENABLE_MODULES = YES;
				CLANG_ENABLE_OBJC_ARC = YES;
				CLANG_ENABLE_OBJC_WEAK = YES;
				CLANG_WARN_BLOCK_CAPTURE_AUTORELEASING = YES;
				CLANG_WARN_BOOL_CONVERSION = YES;
				CLANG_WARN_COMMA = YES;
				CLANG_WARN_CONSTANT_CONVERSION = YES;
				CLANG_WARN_DEPRECATED_OBJC_IMPLEMENTATIONS = YES;
				CLANG_WARN_DIRECT_OBJC_ISA_USAGE = YES_ERROR;
				CLANG_WARN_DOCUMENTATION_COMMENTS = YES;
				CLANG_WARN_EMPTY_BODY = YES;
				CLANG_WARN_ENUM_CONVERSION = YES;
				CLANG_WARN_INFINITE_RECURSION = YES;
				CLANG_WARN_INT_CONVERSION = YES;
				CLANG_WARN_NON_LITERAL_NULL_CONVERSION = YES;
				CLANG_WARN_OBJC_IMPLICIT_RETAIN_SELF = YES;
				CLANG_WARN_OBJC_LITERAL_CONVERSION = YES;
				CLANG_WARN_OBJC_ROOT_CLASS = YES_ERROR;
				CLANG_WARN_QUOTED_INCLUDE_IN_FRAMEWORK_HEADER = YES;
				CLANG_WARN_RANGE_LOOP_ANALYSIS = YES;
				CLANG_WARN_STRICT_PROTOTYPES = YES;
				CLANG_WARN_SUSPICIOUS_MOVE = YES;
				CLANG_WARN_UNGUARDED_AVAILABILITY = YES_AGGRESSIVE;
				CLANG_WARN_UNREACHABLE_CODE = YES;
				CLANG_WARN__DUPLICATE_METHOD_MATCH = YES;
				COPY_PHASE_STRIP = NO;
				DEBUG_INFORMATION_FORMAT = dwarf;
				ENABLE_STRICT_OBJC_MSGSEND = YES;
				ENABLE_TESTABILITY = YES;
				ENABLE_USER_SCRIPT_SANDBOXING = YES;
				GCC_C_LANGUAGE_STANDARD = gnu11;
				GCC_DYNAMIC_NO_PIC = NO;
				GCC_NO_COMMON_BLOCKS = YES;
				GCC_OPTIMIZATION_LEVEL = 0;
				GCC_PREPROCESSOR_DEFINITIONS = (
					"DEBUG=1",
					"$(inherited)",
				);
				GCC_WARN_64_TO_32_BIT_CONVERSION = YES;
				GCC_WARN_ABOUT_RETURN_TYPE = YES_ERROR;
				GCC_WARN_UNDECLARED_SELECTOR = YES;
				GCC_WARN_UNINITIALIZED_AUTOS = YES_AGGRESSIVE;
				GCC_WARN_UNUSED_FUNCTION = YES;
				GCC_WARN_UNUSED_VARIABLE = YES;
				IPHONEOS_DEPLOYMENT_TARGET = 16.0;
				MTL_ENABLE_DEBUG_INFO = INCLUDE_SOURCE;
				MTL_FAST_MATH = YES;
				ONLY_ACTIVE_ARCH = YES;
				SDKROOT = iphoneos;
				SWIFT_ACTIVE_COMPILATION_CONDITIONS = DEBUG;
				SWIFT_OPTIMIZATION_LEVEL = "-Onone";
			};
			name = Debug;
		};
		78208AE9286358AE00F64FA0 /* Release */ = {
			isa = XCBuildConfiguration;
			buildSettings = {
				ALWAYS_SEARCH_USER_PATHS = NO;
				ASSETCATALOG_COMPILER_GENERATE_SWIFT_ASSET_SYMBOL_EXTENSIONS = YES;
				CLANG_ANALYZER_NONNULL = YES;
				CLANG_ANALYZER_NUMBER_OBJECT_CONVERSION = YES_AGGRESSIVE;
				CLANG_CXX_LANGUAGE_STANDARD = "gnu++17";
				CLANG_ENABLE_MODULES = YES;
				CLANG_ENABLE_OBJC_ARC = YES;
				CLANG_ENABLE_OBJC_WEAK = YES;
				CLANG_WARN_BLOCK_CAPTURE_AUTORELEASING = YES;
				CLANG_WARN_BOOL_CONVERSION = YES;
				CLANG_WARN_COMMA = YES;
				CLANG_WARN_CONSTANT_CONVERSION = YES;
				CLANG_WARN_DEPRECATED_OBJC_IMPLEMENTATIONS = YES;
				CLANG_WARN_DIRECT_OBJC_ISA_USAGE = YES_ERROR;
				CLANG_WARN_DOCUMENTATION_COMMENTS = YES;
				CLANG_WARN_EMPTY_BODY = YES;
				CLANG_WARN_ENUM_CONVERSION = YES;
				CLANG_WARN_INFINITE_RECURSION = YES;
				CLANG_WARN_INT_CONVERSION = YES;
				CLANG_WARN_NON_LITERAL_NULL_CONVERSION = YES;
				CLANG_WARN_OBJC_IMPLICIT_RETAIN_SELF = YES;
				CLANG_WARN_OBJC_LITERAL_CONVERSION = YES;
				CLANG_WARN_OBJC_ROOT_CLASS = YES_ERROR;
				CLANG_WARN_QUOTED_INCLUDE_IN_FRAMEWORK_HEADER = YES;
				CLANG_WARN_RANGE_LOOP_ANALYSIS = YES;
				CLANG_WARN_STRICT_PROTOTYPES = YES;
				CLANG_WARN_SUSPICIOUS_MOVE = YES;
				CLANG_WARN_UNGUARDED_AVAILABILITY = YES_AGGRESSIVE;
				CLANG_WARN_UNREACHABLE_CODE = YES;
				CLANG_WARN__DUPLICATE_METHOD_MATCH = YES;
				COPY_PHASE_STRIP = NO;
				DEBUG_INFORMATION_FORMAT = "dwarf-with-dsym";
				ENABLE_NS_ASSERTIONS = NO;
				ENABLE_STRICT_OBJC_MSGSEND = YES;
				ENABLE_USER_SCRIPT_SANDBOXING = YES;
				GCC_C_LANGUAGE_STANDARD = gnu11;
				GCC_NO_COMMON_BLOCKS = YES;
				GCC_WARN_64_TO_32_BIT_CONVERSION = YES;
				GCC_WARN_ABOUT_RETURN_TYPE = YES_ERROR;
				GCC_WARN_UNDECLARED_SELECTOR = YES;
				GCC_WARN_UNINITIALIZED_AUTOS = YES_AGGRESSIVE;
				GCC_WARN_UNUSED_FUNCTION = YES;
				GCC_WARN_UNUSED_VARIABLE = YES;
				IPHONEOS_DEPLOYMENT_TARGET = 16.0;
				MTL_ENABLE_DEBUG_INFO = NO;
				MTL_FAST_MATH = YES;
				SDKROOT = iphoneos;
				SWIFT_COMPILATION_MODE = wholemodule;
				SWIFT_OPTIMIZATION_LEVEL = "-O";
				VALIDATE_PRODUCT = YES;
			};
			name = Release;
		};
		78208AEB286358AE00F64FA0 /* Debug */ = {
			isa = XCBuildConfiguration;
			buildSettings = {
				ASSETCATALOG_COMPILER_APPICON_NAME = AppIcon;
				ASSETCATALOG_COMPILER_GLOBAL_ACCENT_COLOR_NAME = AccentColor;
				CODE_SIGN_STYLE = Automatic;
				CURRENT_PROJECT_VERSION = 1;
				DEVELOPMENT_ASSET_PATHS = "\"InactivityExample/Preview Content\"";
				DEVELOPMENT_TEAM = 8KTNSBRTNB;
				ENABLE_PREVIEWS = YES;
				GENERATE_INFOPLIST_FILE = YES;
				INFOPLIST_KEY_UIApplicationSceneManifest_Generation = YES;
				INFOPLIST_KEY_UIApplicationSupportsIndirectInputEvents = YES;
				INFOPLIST_KEY_UILaunchScreen_Generation = YES;
				INFOPLIST_KEY_UISupportedInterfaceOrientations_iPad = "UIInterfaceOrientationPortrait UIInterfaceOrientationPortraitUpsideDown UIInterfaceOrientationLandscapeLeft UIInterfaceOrientationLandscapeRight";
				INFOPLIST_KEY_UISupportedInterfaceOrientations_iPhone = "UIInterfaceOrientationPortrait UIInterfaceOrientationLandscapeLeft UIInterfaceOrientationLandscapeRight";
				LD_RUNPATH_SEARCH_PATHS = (
					"$(inherited)",
					"@executable_path/Frameworks",
				);
				MACOSX_DEPLOYMENT_TARGET = 13.5;
				MARKETING_VERSION = 1.0;
				PRODUCT_BUNDLE_IDENTIFIER = com.heltena.InactivityExample;
				PRODUCT_NAME = "$(TARGET_NAME)";
				SUPPORTED_PLATFORMS = "iphoneos iphonesimulator macosx";
				SUPPORTS_MACCATALYST = NO;
				SWIFT_EMIT_LOC_STRINGS = YES;
				SWIFT_VERSION = 5.0;
				TARGETED_DEVICE_FAMILY = "1,2";
			};
			name = Debug;
		};
		78208AEC286358AE00F64FA0 /* Release */ = {
			isa = XCBuildConfiguration;
			buildSettings = {
				ASSETCATALOG_COMPILER_APPICON_NAME = AppIcon;
				ASSETCATALOG_COMPILER_GLOBAL_ACCENT_COLOR_NAME = AccentColor;
				CODE_SIGN_STYLE = Automatic;
				CURRENT_PROJECT_VERSION = 1;
				DEVELOPMENT_ASSET_PATHS = "\"InactivityExample/Preview Content\"";
				DEVELOPMENT_TEAM = 8KTNSBRTNB;
				ENABLE_PREVIEWS = YES;
				GENERATE_INFOPLIST_FILE = YES;
				INFOPLIST_KEY_UIApplicationSceneManifest_Generation = YES;
				INFOPLIST_KEY_UIApplicationSupportsIndirectInputEvents = YES;
				INFOPLIST_KEY_UILaunchScreen_Generation = YES;
				INFOPLIST_KEY_UISupportedInterfaceOrientations_iPad = "UIInterfaceOrientationPortrait UIInterfaceOrientationPortraitUpsideDown UIInterfaceOrientationLandscapeLeft UIInterfaceOrientationLandscapeRight";
				INFOPLIST_KEY_UISupportedInterfaceOrientations_iPhone = "UIInterfaceOrientationPortrait UIInterfaceOrientationLandscapeLeft UIInterfaceOrientationLandscapeRight";
				LD_RUNPATH_SEARCH_PATHS = (
					"$(inherited)",
					"@executable_path/Frameworks",
				);
				MACOSX_DEPLOYMENT_TARGET = 13.5;
				MARKETING_VERSION = 1.0;
				PRODUCT_BUNDLE_IDENTIFIER = com.heltena.InactivityExample;
				PRODUCT_NAME = "$(TARGET_NAME)";
				SUPPORTED_PLATFORMS = "iphoneos iphonesimulator macosx";
				SUPPORTS_MACCATALYST = NO;
				SWIFT_EMIT_LOC_STRINGS = YES;
				SWIFT_VERSION = 5.0;
				TARGETED_DEVICE_FAMILY = "1,2";
			};
			name = Release;
		};
		78CD97272882322700320F47 /* Debug */ = {
			isa = XCBuildConfiguration;
			buildSettings = {
				ASSETCATALOG_COMPILER_APPICON_NAME = AppIcon;
				ASSETCATALOG_COMPILER_GLOBAL_ACCENT_COLOR_NAME = AccentColor;
				CODE_SIGN_STYLE = Automatic;
				CURRENT_PROJECT_VERSION = 1;
				DEVELOPMENT_ASSET_PATHS = "\"MockServerExample/Preview Content\"";
				DEVELOPMENT_TEAM = 8KTNSBRTNB;
				ENABLE_PREVIEWS = YES;
				GENERATE_INFOPLIST_FILE = YES;
				INFOPLIST_FILE = MockServerExample/Info.plist;
				INFOPLIST_KEY_UIApplicationSceneManifest_Generation = YES;
				INFOPLIST_KEY_UIApplicationSupportsIndirectInputEvents = YES;
				INFOPLIST_KEY_UILaunchScreen_Generation = YES;
				INFOPLIST_KEY_UISupportedInterfaceOrientations_iPad = "UIInterfaceOrientationPortrait UIInterfaceOrientationPortraitUpsideDown UIInterfaceOrientationLandscapeLeft UIInterfaceOrientationLandscapeRight";
				INFOPLIST_KEY_UISupportedInterfaceOrientations_iPhone = "UIInterfaceOrientationPortrait UIInterfaceOrientationLandscapeLeft UIInterfaceOrientationLandscapeRight";
				LD_RUNPATH_SEARCH_PATHS = (
					"$(inherited)",
					"@executable_path/Frameworks",
				);
				MARKETING_VERSION = 1.0;
				PRODUCT_BUNDLE_IDENTIFIER = com.heltena.MockServerExample;
				PRODUCT_NAME = "$(TARGET_NAME)";
				SUPPORTED_PLATFORMS = "iphoneos iphonesimulator macosx";
				SUPPORTS_MACCATALYST = NO;
				SWIFT_EMIT_LOC_STRINGS = YES;
				SWIFT_VERSION = 5.0;
				TARGETED_DEVICE_FAMILY = "1,2";
			};
			name = Debug;
		};
		78CD97282882322700320F47 /* Release */ = {
			isa = XCBuildConfiguration;
			buildSettings = {
				ASSETCATALOG_COMPILER_APPICON_NAME = AppIcon;
				ASSETCATALOG_COMPILER_GLOBAL_ACCENT_COLOR_NAME = AccentColor;
				CODE_SIGN_STYLE = Automatic;
				CURRENT_PROJECT_VERSION = 1;
				DEVELOPMENT_ASSET_PATHS = "\"MockServerExample/Preview Content\"";
				DEVELOPMENT_TEAM = 8KTNSBRTNB;
				ENABLE_PREVIEWS = YES;
				GENERATE_INFOPLIST_FILE = YES;
				INFOPLIST_FILE = MockServerExample/Info.plist;
				INFOPLIST_KEY_UIApplicationSceneManifest_Generation = YES;
				INFOPLIST_KEY_UIApplicationSupportsIndirectInputEvents = YES;
				INFOPLIST_KEY_UILaunchScreen_Generation = YES;
				INFOPLIST_KEY_UISupportedInterfaceOrientations_iPad = "UIInterfaceOrientationPortrait UIInterfaceOrientationPortraitUpsideDown UIInterfaceOrientationLandscapeLeft UIInterfaceOrientationLandscapeRight";
				INFOPLIST_KEY_UISupportedInterfaceOrientations_iPhone = "UIInterfaceOrientationPortrait UIInterfaceOrientationLandscapeLeft UIInterfaceOrientationLandscapeRight";
				LD_RUNPATH_SEARCH_PATHS = (
					"$(inherited)",
					"@executable_path/Frameworks",
				);
				MARKETING_VERSION = 1.0;
				PRODUCT_BUNDLE_IDENTIFIER = com.heltena.MockServerExample;
				PRODUCT_NAME = "$(TARGET_NAME)";
				SUPPORTED_PLATFORMS = "iphoneos iphonesimulator macosx";
				SUPPORTS_MACCATALYST = NO;
				SWIFT_EMIT_LOC_STRINGS = YES;
				SWIFT_VERSION = 5.0;
				TARGETED_DEVICE_FAMILY = "1,2";
			};
			name = Release;
		};
/* End XCBuildConfiguration section */

/* Begin XCConfigurationList section */
		78208AD7286358AD00F64FA0 /* Build configuration list for PBXProject "InactivityExample" */ = {
			isa = XCConfigurationList;
			buildConfigurations = (
				78208AE8286358AE00F64FA0 /* Debug */,
				78208AE9286358AE00F64FA0 /* Release */,
			);
			defaultConfigurationIsVisible = 0;
			defaultConfigurationName = Release;
		};
		78208AEA286358AE00F64FA0 /* Build configuration list for PBXNativeTarget "InactivityExample" */ = {
			isa = XCConfigurationList;
			buildConfigurations = (
				78208AEB286358AE00F64FA0 /* Debug */,
				78208AEC286358AE00F64FA0 /* Release */,
			);
			defaultConfigurationIsVisible = 0;
			defaultConfigurationName = Release;
		};
		78CD97262882322700320F47 /* Build configuration list for PBXNativeTarget "MockServerExample" */ = {
			isa = XCConfigurationList;
			buildConfigurations = (
				78CD97272882322700320F47 /* Debug */,
				78CD97282882322700320F47 /* Release */,
			);
			defaultConfigurationIsVisible = 0;
			defaultConfigurationName = Release;
		};
/* End XCConfigurationList section */

/* Begin XCRemoteSwiftPackageReference section */
		78A5BAD52AD885C300309E36 /* XCRemoteSwiftPackageReference "Inactivity" */ = {
			isa = XCRemoteSwiftPackageReference;
			repositoryURL = "https://github.com/heltena/Inactivity";
			requirement = {
				kind = exactVersion;
				version = 1.0.4;
			};
		};
/* End XCRemoteSwiftPackageReference section */

/* Begin XCSwiftPackageProductDependency section */
		78A5BACD2AD8837300309E36 /* Inactivity */ = {
			isa = XCSwiftPackageProductDependency;
			productName = Inactivity;
		};
		78A5BAD32AD883F700309E36 /* Inactivity */ = {
			isa = XCSwiftPackageProductDependency;
			productName = Inactivity;
		};
		78A5BAD62AD885C300309E36 /* Inactivity */ = {
			isa = XCSwiftPackageProductDependency;
			package = 78A5BAD52AD885C300309E36 /* XCRemoteSwiftPackageReference "Inactivity" */;
			productName = Inactivity;
		};
		78A5BAD82AD885F700309E36 /* Inactivity */ = {
			isa = XCSwiftPackageProductDependency;
			package = 78A5BAD52AD885C300309E36 /* XCRemoteSwiftPackageReference "Inactivity" */;
			productName = Inactivity;
		};
/* End XCSwiftPackageProductDependency section */
	};
	rootObject = 78208AD4286358AD00F64FA0 /* Project object */;
}
