{
  "pins" : [
    {
      "identity" : "inactivity",
      "kind" : "remoteSourceControl",
      "location" : "https://github.com/heltena/Inactivity",
      "state" : {
        "revision" : "f4e3f3afbfdaad823752b58040484d7897a08f4d",
        "version" : "1.0.1"
      }
    }
  ],
  "version" : 2
}
