{
  "pins" : [
    {
      "identity" : "inactivity",
      "kind" : "remoteSourceControl",
      "location" : "https://github.com/heltena/Inactivity",
      "state" : {
        "revision" : "7e770f9f5670faf24056212da39361298ede21db",
        "version" : "1.0.3"
      }
    }
  ],
  "version" : 2
}
