{
  "pins" : [
    {
      "identity" : "inactivity",
      "kind" : "remoteSourceControl",
      "location" : "https://github.com/heltena/Inactivity",
      "state" : {
        "revision" : "182ec68ec0c429cbc0a1be09d468158088abceff",
        "version" : "1.0.4"
      }
    }
  ],
  "version" : 2
}
